PODS:
  - AFNetworking (3.1.0):
    - AFNetworking/NSURLSession (= 3.1.0)
    - AFNetworking/Reachability (= 3.1.0)
    - AFNetworking/Security (= 3.1.0)
    - AFNetworking/Serialization (= 3.1.0)
    - AFNetworking/UIKit (= 3.1.0)
  - AFNetworking/NSURLSession (3.1.0):
    - AFNetworking/Reachability
    - AFNetworking/Security
    - AFNetworking/Serialization
  - AFNetworking/Reachability (3.1.0)
  - AFNetworking/Security (3.1.0)
  - AFNetworking/Serialization (3.1.0)
  - AFNetworking/UIKit (3.1.0):
    - AFNetworking/NSURLSession
  - CocoaAsyncSocket (7.6.1)
  - FLAnimatedImage (1.0.12)
  - FMDB (2.7.2):
    - FMDB/standard (= 2.7.2)
  - FMDB/standard (2.7.2)
  - FreeStreamer (3.8.0):
    - Reachability (~> 3.0)
  - iOS-Echarts (1.4.4)
  - LFLiveKit (2.6)
  - Masonry (1.1.0)
  - MJExtension (3.0.13)
  - MJRefresh (3.1.15)
  - pop (1.0.10)
  - Reachability (3.2)
  - ReactiveObjC (3.0.0)
  - SDiffuseMenu (1.2.1)
  - SDWebImage (4.2.2):
    - SDWebImage/Core (= 4.2.2)
  - SDWebImage/Core (4.2.2)
  - SocketRocket (0.5.1)
  - SVProgressHUD (2.2.2)
  - WebViewJavascriptBridge (6.0.2)
  - YYKit (1.0.9):
    - YYKit/no-arc (= 1.0.9)
  - YYKit/no-arc (1.0.9)

DEPENDENCIES:
  - AFNetworking
  - CocoaAsyncSocket
  - FLAnimatedImage
  - FMDB
  - FreeStreamer
  - iOS-Echarts
  - LFLiveKit
  - Masonry
  - MJExtension
  - MJRefresh
  - pop
  - ReactiveObjC
  - SDiffuseMenu
  - SDWebImage
  - SocketRocket
  - SVProgressHUD
  - WebViewJavascriptBridge
  - YYKit

SPEC CHECKSUMS:
  AFNetworking: 5e0e199f73d8626b11e79750991f5d173d1f8b67
  CocoaAsyncSocket: 7eadd3f59e1a6c84e2aefc93e9ff7b55156fe174
  FLAnimatedImage: 4a0b56255d9b05f18b6dd7ee06871be5d3b89e31
  FMDB: 6198a90e7b6900cfc046e6bc0ef6ebb7be9236aa
  FreeStreamer: e7e92f8dcb3f459f02fcd01dd8126f6996da17d5
  iOS-Echarts: dbc7423d861e5eedee78906a39d205b5c4da9a13
  LFLiveKit: 2219563721f8aa0f188effc3395a06e2d53b23f2
  Masonry: 678fab65091a9290e40e2832a55e7ab731aad201
  MJExtension: 5932755f451458eefa24239358817f8d291240c7
  MJRefresh: 9af70f5f9327a2cf87f0fb5929f35fcc2fa638ea
  pop: 82ca6b068ce9278fd350fd9dd09482a0ce9492e6
  Reachability: 33e18b67625424e47b6cde6d202dce689ad7af96
  ReactiveObjC: ce79989e8684b9086b5f8d0c74bc7b81a8729c9e
  SDiffuseMenu: 59c34f013abac8f020a26dbfdf9daecf39f383b1
  SDWebImage: 89a9d32cd520bbb46eb14e541d5109b3564af198
  SocketRocket: d57c7159b83c3c6655745cd15302aa24b6bae531
  SVProgressHUD: 59b2d3dabacbd051576d21d32293ca7228dc18b0
  WebViewJavascriptBridge: 791ee0e26d1bf15efe5fb7fb9666a71a19b89d77
  YYKit: 7cda43304a8dc3696c449041e2cb3107b4e236e7

PODFILE CHECKSUM: 9e0a1dc81a83526932d9d847c5cbaa4c47fe9024

COCOAPODS: 1.2.0
